
Microsoft Visual Studio Solution File, Format Version 12.00
# Visual Studio Version 16
VisualStudioVersion = 16.0.30907.101
MinimumVisualStudioVersion = 10.0.40219.1
Project("{FAE04EC0-301F-11D3-BF4B-00C04F79EFBC}") = "EncrypterDecrypter.CMD", "EncoderDecoder.CMD\EncrypterDecrypter.CMD.csproj", "{F6EE68BA-E2AB-4708-9D84-2CB90CA2000B}"
EndProject
Project("{FAE04EC0-301F-11D3-BF4B-00C04F79EFBC}") = "EncrypterDecrypter.WPF", "EncrypterDecrypter.WPF\EncrypterDecrypter.WPF.csproj", "{60E7AF71-9D00-423A-A069-9FCA371F8DB3}"
EndProject
Project("{FAE04EC0-301F-11D3-BF4B-00C04F79EFBC}") = "EncrypterDecrypter.Logic", "EncrypterDecrypter.Logic\EncrypterDecrypter.Logic.csproj", "{83BDDA26-5AB8-40A9-87C5-3C8121159A12}"
EndProject
Global
	GlobalSection(SolutionConfigurationPlatforms) = preSolution
		Debug|Any CPU = Debug|Any CPU
		Release|Any CPU = Release|Any CPU
	EndGlobalSection
	GlobalSection(ProjectConfigurationPlatforms) = postSolution
		{F6EE68BA-E2AB-4708-9D84-2CB90CA2000B}.Debug|Any CPU.ActiveCfg = Debug|Any CPU
		{F6EE68BA-E2AB-4708-9D84-2CB90CA2000B}.Debug|Any CPU.Build.0 = Debug|Any CPU
		{F6EE68BA-E2AB-4708-9D84-2CB90CA2000B}.Release|Any CPU.ActiveCfg = Release|Any CPU
		{F6EE68BA-E2AB-4708-9D84-2CB90CA2000B}.Release|Any CPU.Build.0 = Release|Any CPU
		{60E7AF71-9D00-423A-A069-9FCA371F8DB3}.Debug|Any CPU.ActiveCfg = Debug|Any CPU
		{60E7AF71-9D00-423A-A069-9FCA371F8DB3}.Debug|Any CPU.Build.0 = Debug|Any CPU
		{60E7AF71-9D00-423A-A069-9FCA371F8DB3}.Release|Any CPU.ActiveCfg = Release|Any CPU
		{60E7AF71-9D00-423A-A069-9FCA371F8DB3}.Release|Any CPU.Build.0 = Release|Any CPU
		{83BDDA26-5AB8-40A9-87C5-3C8121159A12}.Debug|Any CPU.ActiveCfg = Debug|Any CPU
		{83BDDA26-5AB8-40A9-87C5-3C8121159A12}.Debug|Any CPU.Build.0 = Debug|Any CPU
		{83BDDA26-5AB8-40A9-87C5-3C8121159A12}.Release|Any CPU.ActiveCfg = Release|Any CPU
		{83BDDA26-5AB8-40A9-87C5-3C8121159A12}.Release|Any CPU.Build.0 = Release|Any CPU
	EndGlobalSection
	GlobalSection(SolutionProperties) = preSolution
		HideSolutionNode = FALSE
	EndGlobalSection
	GlobalSection(ExtensibilityGlobals) = postSolution
		SolutionGuid = {EF9270F4-AFF7-415B-8330-46348675213D}
	EndGlobalSection
EndGlobal
